
Microsoft Visual Studio Solution File, Format Version 12.00
# Visual Studio 14
VisualStudioVersion = 14.0.25420.1
MinimumVisualStudioVersion = 10.0.40219.1
Project("{FAE04EC0-301F-11D3-BF4B-00C04F79EFBC}") = "Components", "Components\Components.csproj", "{89BB5B69-7AD2-44EA-953F-88A1E720AB89}"
EndProject
Global
	GlobalSection(SolutionConfigurationPlatforms) = preSolution
		Debug|Any CPU = Debug|Any CPU
		Release|Any CPU = Release|Any CPU
	EndGlobalSection
	GlobalSection(ProjectConfigurationPlatforms) = postSolution
		{89BB5B69-7AD2-44EA-953F-88A1E720AB89}.Debug|Any CPU.ActiveCfg = Debug|Any CPU
		{89BB5B69-7AD2-44EA-953F-88A1E720AB89}.Debug|Any CPU.Build.0 = Debug|Any CPU
		{89BB5B69-7AD2-44EA-953F-88A1E720AB89}.Release|Any CPU.ActiveCfg = Release|Any CPU
		{89BB5B69-7AD2-44EA-953F-88A1E720AB89}.Release|Any CPU.Build.0 = Release|Any CPU
	EndGlobalSection
	GlobalSection(SolutionProperties) = preSolution
		HideSolutionNode = FALSE
	EndGlobalSection
EndGlobal
