
Microsoft Visual Studio Solution File, Format Version 12.00
# Visual Studio 14
VisualStudioVersion = 14.0.25420.1
MinimumVisualStudioVersion = 10.0.40219.1
Project("{FAE04EC0-301F-11D3-BF4B-00C04F79EFBC}") = "MultiChatServerMainThread", "MultiChat\MultiChatServerMainThread.csproj", "{9325ACB2-A83E-46FD-ADF9-F68A70A95C25}"
EndProject
Project("{FAE04EC0-301F-11D3-BF4B-00C04F79EFBC}") = "MultiChatClient", "MultiChatClietn\MultiChatClient.csproj", "{14B82E4E-3B35-478F-B66A-F20C21B2F27F}"
EndProject
Project("{FAE04EC0-301F-11D3-BF4B-00C04F79EFBC}") = "MultiChatServerMainTimer", "MultiChatServerMainTimer\MultiChatServerMainTimer.csproj", "{AD4F727F-40AC-488A-A59F-C8BBF69A6BAD}"
EndProject
Project("{FAE04EC0-301F-11D3-BF4B-00C04F79EFBC}") = "MultiChatServerClientThread", "MultiChatServerClientThread\MultiChatServerClientThread.csproj", "{C692E9E0-4886-419E-8229-2672AA4B5D61}"
EndProject
Global
	GlobalSection(SolutionConfigurationPlatforms) = preSolution
		Debug|Any CPU = Debug|Any CPU
		Release|Any CPU = Release|Any CPU
	EndGlobalSection
	GlobalSection(ProjectConfigurationPlatforms) = postSolution
		{9325ACB2-A83E-46FD-ADF9-F68A70A95C25}.Debug|Any CPU.ActiveCfg = Debug|Any CPU
		{9325ACB2-A83E-46FD-ADF9-F68A70A95C25}.Debug|Any CPU.Build.0 = Debug|Any CPU
		{9325ACB2-A83E-46FD-ADF9-F68A70A95C25}.Release|Any CPU.ActiveCfg = Release|Any CPU
		{9325ACB2-A83E-46FD-ADF9-F68A70A95C25}.Release|Any CPU.Build.0 = Release|Any CPU
		{14B82E4E-3B35-478F-B66A-F20C21B2F27F}.Debug|Any CPU.ActiveCfg = Debug|Any CPU
		{14B82E4E-3B35-478F-B66A-F20C21B2F27F}.Debug|Any CPU.Build.0 = Debug|Any CPU
		{14B82E4E-3B35-478F-B66A-F20C21B2F27F}.Release|Any CPU.ActiveCfg = Release|Any CPU
		{14B82E4E-3B35-478F-B66A-F20C21B2F27F}.Release|Any CPU.Build.0 = Release|Any CPU
		{AD4F727F-40AC-488A-A59F-C8BBF69A6BAD}.Debug|Any CPU.ActiveCfg = Debug|Any CPU
		{AD4F727F-40AC-488A-A59F-C8BBF69A6BAD}.Debug|Any CPU.Build.0 = Debug|Any CPU
		{AD4F727F-40AC-488A-A59F-C8BBF69A6BAD}.Release|Any CPU.ActiveCfg = Release|Any CPU
		{AD4F727F-40AC-488A-A59F-C8BBF69A6BAD}.Release|Any CPU.Build.0 = Release|Any CPU
		{C692E9E0-4886-419E-8229-2672AA4B5D61}.Debug|Any CPU.ActiveCfg = Debug|Any CPU
		{C692E9E0-4886-419E-8229-2672AA4B5D61}.Debug|Any CPU.Build.0 = Debug|Any CPU
		{C692E9E0-4886-419E-8229-2672AA4B5D61}.Release|Any CPU.ActiveCfg = Release|Any CPU
		{C692E9E0-4886-419E-8229-2672AA4B5D61}.Release|Any CPU.Build.0 = Release|Any CPU
	EndGlobalSection
	GlobalSection(SolutionProperties) = preSolution
		HideSolutionNode = FALSE
	EndGlobalSection
EndGlobal
