
Microsoft Visual Studio Solution File, Format Version 12.00
# Visual Studio 14
VisualStudioVersion = 14.0.25420.1
MinimumVisualStudioVersion = 10.0.40219.1
Project("{FAE04EC0-301F-11D3-BF4B-00C04F79EFBC}") = "XMLInterpreter", "XMLInterpreter\XMLInterpreter.csproj", "{B9AA1360-3991-434B-AA33-8D69EB4CB8C9}"
EndProject
Project("{FAE04EC0-301F-11D3-BF4B-00C04F79EFBC}") = "WF_XML_Markup", "WF_XML_Markup\WF_XML_Markup.csproj", "{CADEA884-5781-4E19-8123-B989FCF1DAAF}"
EndProject
Global
	GlobalSection(SolutionConfigurationPlatforms) = preSolution
		Debug|Any CPU = Debug|Any CPU
		Release|Any CPU = Release|Any CPU
	EndGlobalSection
	GlobalSection(ProjectConfigurationPlatforms) = postSolution
		{B9AA1360-3991-434B-AA33-8D69EB4CB8C9}.Debug|Any CPU.ActiveCfg = Debug|Any CPU
		{B9AA1360-3991-434B-AA33-8D69EB4CB8C9}.Debug|Any CPU.Build.0 = Debug|Any CPU
		{B9AA1360-3991-434B-AA33-8D69EB4CB8C9}.Release|Any CPU.ActiveCfg = Release|Any CPU
		{B9AA1360-3991-434B-AA33-8D69EB4CB8C9}.Release|Any CPU.Build.0 = Release|Any CPU
		{CADEA884-5781-4E19-8123-B989FCF1DAAF}.Debug|Any CPU.ActiveCfg = Debug|Any CPU
		{CADEA884-5781-4E19-8123-B989FCF1DAAF}.Debug|Any CPU.Build.0 = Debug|Any CPU
		{CADEA884-5781-4E19-8123-B989FCF1DAAF}.Release|Any CPU.ActiveCfg = Release|Any CPU
		{CADEA884-5781-4E19-8123-B989FCF1DAAF}.Release|Any CPU.Build.0 = Release|Any CPU
	EndGlobalSection
	GlobalSection(SolutionProperties) = preSolution
		HideSolutionNode = FALSE
	EndGlobalSection
EndGlobal
