
Microsoft Visual Studio Solution File, Format Version 12.00
# Visual Studio 14
VisualStudioVersion = 14.0.25420.1
MinimumVisualStudioVersion = 10.0.40219.1
Project("{FAE04EC0-301F-11D3-BF4B-00C04F79EFBC}") = "Lists", "Lists\Lists.csproj", "{9255D840-E72A-4E83-9F03-BCBC417FC962}"
EndProject
Project("{FAE04EC0-301F-11D3-BF4B-00C04F79EFBC}") = "NUTest", "NUTest\NUTest.csproj", "{72F9DA99-52C6-468D-B4CF-B0E1A38E2F3A}"
EndProject
Project("{2150E333-8FDC-42A3-9474-1A3956D46DE8}") = ".nuget", ".nuget", "{6D60BEC4-6277-4CA4-A412-3BDB15A3EBA8}"
	ProjectSection(SolutionItems) = preProject
		.nuget\packages.config = .nuget\packages.config
	EndProjectSection
EndProject
Global
	GlobalSection(SolutionConfigurationPlatforms) = preSolution
		Debug|Any CPU = Debug|Any CPU
		Release|Any CPU = Release|Any CPU
	EndGlobalSection
	GlobalSection(ProjectConfigurationPlatforms) = postSolution
		{9255D840-E72A-4E83-9F03-BCBC417FC962}.Debug|Any CPU.ActiveCfg = Debug|Any CPU
		{9255D840-E72A-4E83-9F03-BCBC417FC962}.Debug|Any CPU.Build.0 = Debug|Any CPU
		{9255D840-E72A-4E83-9F03-BCBC417FC962}.Release|Any CPU.ActiveCfg = Release|Any CPU
		{9255D840-E72A-4E83-9F03-BCBC417FC962}.Release|Any CPU.Build.0 = Release|Any CPU
		{72F9DA99-52C6-468D-B4CF-B0E1A38E2F3A}.Debug|Any CPU.ActiveCfg = Debug|Any CPU
		{72F9DA99-52C6-468D-B4CF-B0E1A38E2F3A}.Debug|Any CPU.Build.0 = Debug|Any CPU
		{72F9DA99-52C6-468D-B4CF-B0E1A38E2F3A}.Release|Any CPU.ActiveCfg = Release|Any CPU
		{72F9DA99-52C6-468D-B4CF-B0E1A38E2F3A}.Release|Any CPU.Build.0 = Release|Any CPU
	EndGlobalSection
	GlobalSection(SolutionProperties) = preSolution
		HideSolutionNode = FALSE
	EndGlobalSection
EndGlobal
